{
  "name": "@common/utils",
  "version": "1.0.0",
  "lockfileVersion": 3,
  "requires": true,
  "packages": {
    "": {
      "name": "@common/utils",
      "version": "1.0.0",
      "license": "ISC",
      "dependencies": {
        "dayjs": "^1.11.11",
        "lodash-es": "^4.17.21",
        "nanoid": "^5.0.7",
        "numeral": "^2.0.6",
        "qs": "^6.12.1"
      },
      "devDependencies": {
        "@types/lodash-es": "^4.17.12",
        "@types/numeral": "^2.0.5",
        "@types/qs": "^6.9.15"
      }
    },
    "../../node_modules/.pnpm/@types+lodash-es@4.17.12/node_modules/@types/lodash-es": {
      "version": "4.17.12",
      "dev": true,
      "license": "MIT",
      "dependencies": {
        "@types/lodash": "*"
      }
    },
    "../../node_modules/.pnpm/@types+numeral@2.0.5/node_modules/@types/numeral": {
      "version": "2.0.5",
      "dev": true,
      "license": "MIT"
    },
    "../../node_modules/.pnpm/dayjs@1.11.11/node_modules/dayjs": {
      "version": "1.11.11",
      "license": "MIT",
      "devDependencies": {
        "@babel/cli": "^7.0.0-beta.44",
        "@babel/core": "^7.0.0-beta.44",
        "@babel/node": "^7.0.0-beta.44",
        "@babel/preset-env": "^7.0.0-beta.44",
        "babel-core": "^7.0.0-bridge.0",
        "babel-jest": "^22.4.3",
        "babel-plugin-external-helpers": "^6.22.0",
        "cross-env": "^5.1.6",
        "eslint": "^4.19.1",
        "eslint-config-airbnb-base": "^12.1.0",
        "eslint-plugin-import": "^2.10.0",
        "eslint-plugin-jest": "^21.15.0",
        "gzip-size-cli": "^2.1.0",
        "jasmine-core": "^2.99.1",
        "jest": "^22.4.3",
        "karma": "^2.0.2",
        "karma-jasmine": "^1.1.2",
        "karma-sauce-launcher": "^1.1.0",
        "mockdate": "^2.0.2",
        "moment": "2.29.2",
        "moment-timezone": "0.5.31",
        "ncp": "^2.0.0",
        "pre-commit": "^1.2.2",
        "prettier": "^1.16.1",
        "rollup": "^2.45.1",
        "rollup-plugin-babel": "^4.4.0",
        "rollup-plugin-terser": "^7.0.2",
        "size-limit": "^0.18.0",
        "typescript": "^2.8.3"
      }
    },
    "../../node_modules/.pnpm/lodash-es@4.17.21/node_modules/lodash-es": {
      "version": "4.17.21",
      "license": "MIT"
    },
    "../../node_modules/.pnpm/nanoid@5.0.7/node_modules/nanoid": {
      "version": "5.0.7",
      "funding": [
        {
          "type": "github",
          "url": "https://github.com/sponsors/ai"
        }
      ],
      "license": "MIT",
      "bin": {
        "nanoid": "bin/nanoid.js"
      },
      "engines": {
        "node": "^18 || >=20"
      }
    },
    "../../node_modules/.pnpm/numeral@2.0.6/node_modules/numeral": {
      "version": "2.0.6",
      "license": "MIT",
      "devDependencies": {
        "chai": "^3.5.0",
        "grunt": "latest",
        "grunt-contrib-copy": "^1.0.0",
        "grunt-contrib-jshint": "latest",
        "grunt-contrib-nodeunit": "1.0.0",
        "grunt-contrib-uglify": "latest",
        "grunt-karma": "^2.0.0",
        "grunt-mocha-test": "^0.13.2",
        "grunt-saucelabs": "*",
        "grunt-string-replace": "^1.3.1",
        "karma": "^1.3.0",
        "karma-chai": "^0.1.0",
        "karma-chrome-launcher": "^2.0.0",
        "karma-firefox-launcher": "^1.0.0",
        "karma-mocha": "^1.3.0",
        "karma-mocha-reporter": "^2.2.1",
        "karma-sauce-launcher": "^1.1.0",
        "load-grunt-tasks": "^3.5.2",
        "mocha": "^3.1.2",
        "uglify-js": "latest"
      },
      "engines": {
        "node": "*"
      }
    },
    "../../node_modules/.pnpm/qs@6.12.1/node_modules/qs": {
      "version": "6.12.1",
      "license": "BSD-3-Clause",
      "dependencies": {
        "side-channel": "^1.0.6"
      },
      "devDependencies": {
        "@browserify/envify": "^6.0.0",
        "@browserify/uglifyify": "^6.0.0",
        "@ljharb/eslint-config": "^21.1.0",
        "aud": "^2.0.4",
        "browserify": "^16.5.2",
        "bundle-collapser": "^1.4.0",
        "common-shakeify": "~1.0.0",
        "eclint": "^2.8.1",
        "es-value-fixtures": "^1.4.2",
        "eslint": "=8.8.0",
        "evalmd": "^0.0.19",
        "for-each": "^0.3.3",
        "glob": "=10.3.7",
        "has-override-mistake": "^1.0.1",
        "has-property-descriptors": "^1.0.2",
        "has-symbols": "^1.0.3",
        "iconv-lite": "^0.5.1",
        "in-publish": "^2.0.1",
        "jackspeak": "=2.1.1",
        "mkdirp": "^0.5.5",
        "mock-property": "^1.0.3",
        "module-deps": "^6.2.3",
        "npmignore": "^0.3.1",
        "nyc": "^10.3.2",
        "object-inspect": "^1.13.1",
        "qs-iconv": "^1.0.4",
        "safe-publish-latest": "^2.0.0",
        "safer-buffer": "^2.1.2",
        "tape": "^5.7.5",
        "unassertify": "^3.0.1"
      },
      "engines": {
        "node": ">=0.6"
      },
      "funding": {
        "url": "https://github.com/sponsors/ljharb"
      }
    },
    "node_modules/@types/lodash-es": {
      "resolved": "../../node_modules/.pnpm/@types+lodash-es@4.17.12/node_modules/@types/lodash-es",
      "link": true
    },
    "node_modules/@types/numeral": {
      "resolved": "../../node_modules/.pnpm/@types+numeral@2.0.5/node_modules/@types/numeral",
      "link": true
    },
    "node_modules/@types/qs": {
      "version": "6.9.15",
      "resolved": "https://r.cnpmjs.org/@types/qs/-/qs-6.9.15.tgz",
      "integrity": "sha512-uXHQKES6DQKKCLh441Xv/dwxOq1TVS3JPUMlEqoEglvlhR6Mxnlew/Xq/LRVHpLyk7iK3zODe1qYHIMltO7XGg==",
      "dev": true
    },
    "node_modules/dayjs": {
      "resolved": "../../node_modules/.pnpm/dayjs@1.11.11/node_modules/dayjs",
      "link": true
    },
    "node_modules/lodash-es": {
      "resolved": "../../node_modules/.pnpm/lodash-es@4.17.21/node_modules/lodash-es",
      "link": true
    },
    "node_modules/nanoid": {
      "resolved": "../../node_modules/.pnpm/nanoid@5.0.7/node_modules/nanoid",
      "link": true
    },
    "node_modules/numeral": {
      "resolved": "../../node_modules/.pnpm/numeral@2.0.6/node_modules/numeral",
      "link": true
    },
    "node_modules/qs": {
      "resolved": "../../node_modules/.pnpm/qs@6.12.1/node_modules/qs",
      "link": true
    }
  }
}
